
Microsoft Visual Studio Solution File, Format Version 12.00
# Visual Studio Version 16
VisualStudioVersion = 16.0.30517.126
MinimumVisualStudioVersion = 10.0.40219.1
Project("{FAE04EC0-301F-11D3-BF4B-00C04F79EFBC}") = "Odd_lines", "Odd_lines\Odd_lines.csproj", "{D485B827-B8A0-412F-A5EA-4A28391C5EC6}"
EndProject
Global
	GlobalSection(SolutionConfigurationPlatforms) = preSolution
		Debug|Any CPU = Debug|Any CPU
		Release|Any CPU = Release|Any CPU
	EndGlobalSection
	GlobalSection(ProjectConfigurationPlatforms) = postSolution
		{D485B827-B8A0-412F-A5EA-4A28391C5EC6}.Debug|Any CPU.ActiveCfg = Debug|Any CPU
		{D485B827-B8A0-412F-A5EA-4A28391C5EC6}.Debug|Any CPU.Build.0 = Debug|Any CPU
		{D485B827-B8A0-412F-A5EA-4A28391C5EC6}.Release|Any CPU.ActiveCfg = Release|Any CPU
		{D485B827-B8A0-412F-A5EA-4A28391C5EC6}.Release|Any CPU.Build.0 = Release|Any CPU
	EndGlobalSection
	GlobalSection(SolutionProperties) = preSolution
		HideSolutionNode = FALSE
	EndGlobalSection
	GlobalSection(ExtensibilityGlobals) = postSolution
		SolutionGuid = {73770091-D983-4A8B-BC11-B25DF78FF9C3}
	EndGlobalSection
EndGlobal
