
Microsoft Visual Studio Solution File, Format Version 12.00
# Visual Studio Version 16
VisualStudioVersion = 16.0.30517.126
MinimumVisualStudioVersion = 10.0.40219.1
Project("{9A19103F-16F7-4668-BE54-9A1E7A4F7556}") = "MySuperBank", "MySuperBank.csproj", "{575ED1FC-9B02-4F4C-BC69-AEA8B4B9065C}"
EndProject
Project("{9A19103F-16F7-4668-BE54-9A1E7A4F7556}") = "BankyStuffLibrary", "..\BankyStuffLibrary\BankyStuffLibrary.csproj", "{CD5987BD-25D5-45C2-A61A-727496B3873F}"
EndProject
Project("{FAE04EC0-301F-11D3-BF4B-00C04F79EFBC}") = "BankingTests", "..\BankingTests\BankingTests.csproj", "{A24D8D10-CF09-49AC-9A66-5F265CBD311B}"
EndProject
Global
	GlobalSection(SolutionConfigurationPlatforms) = preSolution
		Debug|Any CPU = Debug|Any CPU
		Release|Any CPU = Release|Any CPU
	EndGlobalSection
	GlobalSection(ProjectConfigurationPlatforms) = postSolution
		{575ED1FC-9B02-4F4C-BC69-AEA8B4B9065C}.Debug|Any CPU.ActiveCfg = Debug|Any CPU
		{575ED1FC-9B02-4F4C-BC69-AEA8B4B9065C}.Debug|Any CPU.Build.0 = Debug|Any CPU
		{575ED1FC-9B02-4F4C-BC69-AEA8B4B9065C}.Release|Any CPU.ActiveCfg = Release|Any CPU
		{575ED1FC-9B02-4F4C-BC69-AEA8B4B9065C}.Release|Any CPU.Build.0 = Release|Any CPU
		{CD5987BD-25D5-45C2-A61A-727496B3873F}.Debug|Any CPU.ActiveCfg = Debug|Any CPU
		{CD5987BD-25D5-45C2-A61A-727496B3873F}.Debug|Any CPU.Build.0 = Debug|Any CPU
		{CD5987BD-25D5-45C2-A61A-727496B3873F}.Release|Any CPU.ActiveCfg = Release|Any CPU
		{CD5987BD-25D5-45C2-A61A-727496B3873F}.Release|Any CPU.Build.0 = Release|Any CPU
		{A24D8D10-CF09-49AC-9A66-5F265CBD311B}.Debug|Any CPU.ActiveCfg = Debug|Any CPU
		{A24D8D10-CF09-49AC-9A66-5F265CBD311B}.Debug|Any CPU.Build.0 = Debug|Any CPU
		{A24D8D10-CF09-49AC-9A66-5F265CBD311B}.Release|Any CPU.ActiveCfg = Release|Any CPU
		{A24D8D10-CF09-49AC-9A66-5F265CBD311B}.Release|Any CPU.Build.0 = Release|Any CPU
	EndGlobalSection
	GlobalSection(SolutionProperties) = preSolution
		HideSolutionNode = FALSE
	EndGlobalSection
	GlobalSection(ExtensibilityGlobals) = postSolution
		SolutionGuid = {9B1FA65B-121E-41C4-85AA-5382329473BE}
	EndGlobalSection
EndGlobal
